
Microsoft Visual Studio Solution File, Format Version 12.00
# Visual Studio Version 16
VisualStudioVersion = 16.0.31727.386
MinimumVisualStudioVersion = 10.0.40219.1
Project("{FAE04EC0-301F-11D3-BF4B-00C04F79EFBC}") = "Classwork", "Classwork.csproj", "{C27D8750-2991-4E71-87F9-0E4C17510C18}"
EndProject
Global
	GlobalSection(SolutionConfigurationPlatforms) = preSolution
		Debug|Any CPU = Debug|Any CPU
		Release|Any CPU = Release|Any CPU
	EndGlobalSection
	GlobalSection(ProjectConfigurationPlatforms) = postSolution
		{C27D8750-2991-4E71-87F9-0E4C17510C18}.Debug|Any CPU.ActiveCfg = Debug|Any CPU
		{C27D8750-2991-4E71-87F9-0E4C17510C18}.Debug|Any CPU.Build.0 = Debug|Any CPU
		{C27D8750-2991-4E71-87F9-0E4C17510C18}.Release|Any CPU.ActiveCfg = Release|Any CPU
		{C27D8750-2991-4E71-87F9-0E4C17510C18}.Release|Any CPU.Build.0 = Release|Any CPU
	EndGlobalSection
	GlobalSection(SolutionProperties) = preSolution
		HideSolutionNode = FALSE
	EndGlobalSection
	GlobalSection(ExtensibilityGlobals) = postSolution
		SolutionGuid = {E05576CC-8794-42A5-ACEC-2FF0DA6FBD1E}
	EndGlobalSection
EndGlobal
